
Microsoft Visual Studio Solution File, Format Version 12.00
# Visual Studio Version 17
VisualStudioVersion = 17.11.35208.52
MinimumVisualStudioVersion = 10.0.40219.1
Project("{FAE04EC0-301F-11D3-BF4B-00C04F79EFBC}") = "class", "class\class.csproj", "{78E442A0-79F7-4C98-AA49-D284E56C54EA}"
EndProject
Global
	GlobalSection(SolutionConfigurationPlatforms) = preSolution
		Debug|Any CPU = Debug|Any CPU
		Release|Any CPU = Release|Any CPU
	EndGlobalSection
	GlobalSection(ProjectConfigurationPlatforms) = postSolution
		{78E442A0-79F7-4C98-AA49-D284E56C54EA}.Debug|Any CPU.ActiveCfg = Debug|Any CPU
		{78E442A0-79F7-4C98-AA49-D284E56C54EA}.Debug|Any CPU.Build.0 = Debug|Any CPU
		{78E442A0-79F7-4C98-AA49-D284E56C54EA}.Release|Any CPU.ActiveCfg = Release|Any CPU
		{78E442A0-79F7-4C98-AA49-D284E56C54EA}.Release|Any CPU.Build.0 = Release|Any CPU
	EndGlobalSection
	GlobalSection(SolutionProperties) = preSolution
		HideSolutionNode = FALSE
	EndGlobalSection
	GlobalSection(ExtensibilityGlobals) = postSolution
		SolutionGuid = {B8DCC9DD-1ED0-4484-98E8-DE154D2F8B45}
	EndGlobalSection
EndGlobal
